
Microsoft Visual Studio Solution File, Format Version 12.00
# Visual Studio Version 16
VisualStudioVersion = 16.0.30225.117
MinimumVisualStudioVersion = 10.0.40219.1
Project("{9A19103F-16F7-4668-BE54-9A1E7A4F7556}") = "Sentize", "Sentize\Sentize.csproj", "{0D5F9001-8898-457F-8B4B-97701ED1D078}"
EndProject
Project("{FAE04EC0-301F-11D3-BF4B-00C04F79EFBC}") = "PyRunner", "PyRunner\PyRunner.csproj", "{7BB63C7A-53E6-4D37-8FA9-F9D95AFB7A69}"
EndProject
Global
	GlobalSection(SolutionConfigurationPlatforms) = preSolution
		Debug|Any CPU = Debug|Any CPU
		Release|Any CPU = Release|Any CPU
	EndGlobalSection
	GlobalSection(ProjectConfigurationPlatforms) = postSolution
		{0D5F9001-8898-457F-8B4B-97701ED1D078}.Debug|Any CPU.ActiveCfg = Debug|Any CPU
		{0D5F9001-8898-457F-8B4B-97701ED1D078}.Debug|Any CPU.Build.0 = Debug|Any CPU
		{0D5F9001-8898-457F-8B4B-97701ED1D078}.Release|Any CPU.ActiveCfg = Release|Any CPU
		{0D5F9001-8898-457F-8B4B-97701ED1D078}.Release|Any CPU.Build.0 = Release|Any CPU
		{7BB63C7A-53E6-4D37-8FA9-F9D95AFB7A69}.Debug|Any CPU.ActiveCfg = Debug|Any CPU
		{7BB63C7A-53E6-4D37-8FA9-F9D95AFB7A69}.Debug|Any CPU.Build.0 = Debug|Any CPU
		{7BB63C7A-53E6-4D37-8FA9-F9D95AFB7A69}.Release|Any CPU.ActiveCfg = Release|Any CPU
		{7BB63C7A-53E6-4D37-8FA9-F9D95AFB7A69}.Release|Any CPU.Build.0 = Release|Any CPU
	EndGlobalSection
	GlobalSection(SolutionProperties) = preSolution
		HideSolutionNode = FALSE
	EndGlobalSection
	GlobalSection(ExtensibilityGlobals) = postSolution
		SolutionGuid = {CA5D4F98-34A9-4A1B-9627-EC5943E88DDB}
	EndGlobalSection
EndGlobal
